schema: '2.0'
stages:
  data_ingestion:
    cmd: python src/data/data_ingestion.py
    deps:
    - path: data/raw/train.csv
      hash: md5
      md5: 358ac53596f540c74517dc050891c1b5
      size: 827954
    - path: params.yaml
      hash: md5
      md5: 21d1a77a9bf47963b53e3b0af2e39146
      size: 546
    - path: src/data/data_ingestion.py
      hash: md5
      md5: d7c98c58c47194b9b88c4ac9516e7359
      size: 4414
    outs:
    - path: data/interim/test.csv
      hash: md5
      md5: 746fa78771a14d6db7a1997204b54967
      size: 186275
    - path: data/interim/train.csv
      hash: md5
      md5: 2fcb11cf63d11753e0ee63ae5c302523
      size: 641698
  data_preprocessing:
    cmd: python src/features/data_preprocessing.py
    deps:
    - path: data/external/chat_words_dictonary.json
      hash: md5
      md5: d5374fbe39d349c14db3bc37d73d76be
      size: 2974
    - path: data/interim/test.csv
      hash: md5
      md5: 746fa78771a14d6db7a1997204b54967
      size: 186275
    - path: data/interim/train.csv
      hash: md5
      md5: 2fcb11cf63d11753e0ee63ae5c302523
      size: 641698
    - path: src/features/data_preprocessing.py
      hash: md5
      md5: ab6368a23a51c335036d96ca90a4aac1
      size: 5737
    outs:
    - path: data/processed/test.csv
      hash: md5
      md5: fba06664d82f718db77c504e2f09123b
      size: 123457
    - path: data/processed/train.csv
      hash: md5
      md5: e38370099037ad989ced96e8a031fd46
      size: 425827
  feature_engineering:
    cmd: python src/features/feature_engineering.py
    deps:
    - path: data/processed/test.csv
      hash: md5
      md5: fba06664d82f718db77c504e2f09123b
      size: 123457
    - path: data/processed/train.csv
      hash: md5
      md5: e38370099037ad989ced96e8a031fd46
      size: 425827
    - path: params.yaml
      hash: md5
      md5: 21d1a77a9bf47963b53e3b0af2e39146
      size: 546
    - path: src/features/feature_engineering.py
      hash: md5
      md5: 012de1a24e9884e780af6c9b44603a79
      size: 4882
    outs:
    - path: data/features/test.csv
      hash: md5
      md5: b3806dcda36c7f8bdf1209236861bb13
      size: 1062114
    - path: data/features/train.csv
      hash: md5
      md5: b25e11aa02b2dd40e1a1b7a3ef843f7d
      size: 3657492
    - path: models/vectorizers/bow.joblib
      hash: md5
      md5: a045ff420e177e9ef31a6dc501329d31
      size: 3195
  model_training:
    cmd: python src/models/train_model.py
    deps:
    - path: data/features/train.csv
      hash: md5
      md5: b25e11aa02b2dd40e1a1b7a3ef843f7d
      size: 3657492
    - path: params.yaml
      hash: md5
      md5: 21d1a77a9bf47963b53e3b0af2e39146
      size: 546
    - path: src/models/train_model.py
      hash: md5
      md5: ee8199d897a557616f36258c48f015d8
      size: 4316
    outs:
    - path: models/models/bagging_classifier.joblib
      hash: md5
      md5: 2199bc79bea80022fcefb3ae24bb1c23
      size: 2793816
  model_evaluation:
    cmd: python src/models/evaluate_model.py
    deps:
    - path: data/features/test.csv
      hash: md5
      md5: b3806dcda36c7f8bdf1209236861bb13
      size: 1062114
    - path: models/models/bagging_classifier.joblib
      hash: md5
      md5: 2199bc79bea80022fcefb3ae24bb1c23
      size: 2793816
  model_registration:
    cmd: python src/models/register_model.py
    deps:
    - path: data/features/test.csv
      hash: md5
      md5: b3806dcda36c7f8bdf1209236861bb13
      size: 1062114
    - path: src/models/register_model.py
      hash: md5
      md5: d0a1535edf746dc2c35fcce3465067ea
      size: 5487
